{
  "name": "its-thepoe-skills-monorepo",
  "lockfileVersion": 3,
  "requires": true,
  "packages": {
    "": {
      "name": "its-thepoe-skills-monorepo",
      "license": "MIT",
      "workspaces": [
        "skills",
        "alt-text",
        "codebase-content-ideas",
        "design-and-refine",
        "design-engineering",
        "design-motion-principles",
        "family-taste",
        "write-a-skill"
      ]
    },
    "alt-text": {
      "name": "@its-thepoe/alt-text",
      "version": "1.0.1",
      "license": "MIT"
    },
    "codebase-content-ideas": {
      "name": "@its-thepoe/codebase-content-ideas",
      "version": "1.0.2",
      "license": "MIT"
    },
    "design-and-refine": {
      "name": "@its-thepoe/design-and-refine",
      "version": "1.0.1",
      "license": "MIT"
    },
    "design-engineering": {
      "name": "@its-thepoe/design-engineering",
      "version": "1.0.1",
      "license": "MIT"
    },
    "design-motion-principles": {
      "name": "@its-thepoe/design-motion-principles",
      "version": "1.0.1",
      "license": "MIT"
    },
    "family-taste": {
      "name": "@its-thepoe/family-taste",
      "version": "1.0.1",
      "license": "MIT"
    },
    "node_modules/@its-thepoe/alt-text": {
      "resolved": "alt-text",
      "link": true
    },
    "node_modules/@its-thepoe/codebase-content-ideas": {
      "resolved": "codebase-content-ideas",
      "link": true
    },
    "node_modules/@its-thepoe/design-and-refine": {
      "resolved": "design-and-refine",
      "link": true
    },
    "node_modules/@its-thepoe/design-engineering": {
      "resolved": "design-engineering",
      "link": true
    },
    "node_modules/@its-thepoe/design-motion-principles": {
      "resolved": "design-motion-principles",
      "link": true
    },
    "node_modules/@its-thepoe/family-taste": {
      "resolved": "family-taste",
      "link": true
    },
    "node_modules/@its-thepoe/skills": {
      "resolved": "skills",
      "link": true
    },
    "node_modules/@its-thepoe/write-a-skill": {
      "resolved": "write-a-skill",
      "link": true
    },
    "skills": {
      "name": "@its-thepoe/skills",
      "version": "1.0.3",
      "license": "MIT",
      "dependencies": {
        "@its-thepoe/alt-text": "1.0.1",
        "@its-thepoe/codebase-content-ideas": "1.0.2",
        "@its-thepoe/design-and-refine": "1.0.1",
        "@its-thepoe/design-engineering": "1.0.1",
        "@its-thepoe/design-motion-principles": "1.0.1",
        "@its-thepoe/family-taste": "1.0.1",
        "@its-thepoe/write-a-skill": "1.0.1"
      },
      "bin": {
        "skills": "bin/cli.mjs"
      }
    },
    "write-a-skill": {
      "name": "@its-thepoe/write-a-skill",
      "version": "1.0.1",
      "license": "MIT"
    }
  }
}
