{
  "name": "its-thepoe-skills-monorepo",
  "lockfileVersion": 3,
  "requires": true,
  "packages": {
    "": {
      "name": "its-thepoe-skills-monorepo",
      "license": "MIT",
      "workspaces": [
        "skills",
        "alt-text",
        "canva-app-builder",
        "codebase-content-ideas",
        "design-and-refine",
        "design-engineering",
        "design-motion-principles",
        "family-taste",
        "figma-plugin-builder",
        "framer-code-components-overrides",
        "framer-plugins",
        "hugeicons",
        "iconsax",
        "market-command-matrix",
        "pr-tldr",
        "root-cause-analysis",
        "tailwindcss",
        "write-a-skill"
      ]
    },
    "alt-text": {
      "name": "@its-thepoe/alt-text",
      "version": "1.0.1",
      "license": "MIT"
    },
    "canva-app-builder": {
      "name": "@its-thepoe/canva-app-builder",
      "version": "1.0.0",
      "license": "MIT"
    },
    "codebase-content-ideas": {
      "name": "@its-thepoe/codebase-content-ideas",
      "version": "1.0.3",
      "license": "MIT"
    },
    "design-and-refine": {
      "name": "@its-thepoe/design-and-refine",
      "version": "1.0.1",
      "license": "MIT"
    },
    "design-engineering": {
      "name": "@its-thepoe/design-engineering",
      "version": "1.0.1",
      "license": "MIT"
    },
    "design-motion-principles": {
      "name": "@its-thepoe/design-motion-principles",
      "version": "1.0.1",
      "license": "MIT"
    },
    "family-taste": {
      "name": "@its-thepoe/family-taste",
      "version": "1.0.1",
      "license": "MIT"
    },
    "figma-plugin-builder": {
      "name": "@its-thepoe/figma-plugin-builder",
      "version": "1.0.0",
      "license": "MIT"
    },
    "framer-code-components-overrides": {
      "name": "@its-thepoe/framer-code-components-overrides",
      "version": "1.0.0",
      "license": "MIT"
    },
    "framer-plugins": {
      "name": "@its-thepoe/framer-plugins",
      "version": "1.0.0",
      "license": "MIT"
    },
    "hugeicons": {
      "name": "@its-thepoe/hugeicons",
      "version": "1.0.1",
      "license": "MIT"
    },
    "iconsax": {
      "name": "@its-thepoe/iconsax",
      "version": "1.0.0",
      "license": "MIT"
    },
    "market-command-matrix": {
      "name": "@its-thepoe/market-command-matrix",
      "version": "1.0.0",
      "license": "MIT"
    },
    "node_modules/@its-thepoe/alt-text": {
      "resolved": "alt-text",
      "link": true
    },
    "node_modules/@its-thepoe/canva-app-builder": {
      "resolved": "canva-app-builder",
      "link": true
    },
    "node_modules/@its-thepoe/codebase-content-ideas": {
      "resolved": "codebase-content-ideas",
      "link": true
    },
    "node_modules/@its-thepoe/design-and-refine": {
      "resolved": "design-and-refine",
      "link": true
    },
    "node_modules/@its-thepoe/design-engineering": {
      "resolved": "design-engineering",
      "link": true
    },
    "node_modules/@its-thepoe/design-motion-principles": {
      "resolved": "design-motion-principles",
      "link": true
    },
    "node_modules/@its-thepoe/family-taste": {
      "resolved": "family-taste",
      "link": true
    },
    "node_modules/@its-thepoe/figma-plugin-builder": {
      "resolved": "figma-plugin-builder",
      "link": true
    },
    "node_modules/@its-thepoe/framer-code-components-overrides": {
      "resolved": "framer-code-components-overrides",
      "link": true
    },
    "node_modules/@its-thepoe/framer-plugins": {
      "resolved": "framer-plugins",
      "link": true
    },
    "node_modules/@its-thepoe/hugeicons": {
      "resolved": "hugeicons",
      "link": true
    },
    "node_modules/@its-thepoe/iconsax": {
      "resolved": "iconsax",
      "link": true
    },
    "node_modules/@its-thepoe/market-command-matrix": {
      "resolved": "market-command-matrix",
      "link": true
    },
    "node_modules/@its-thepoe/pr-tldr": {
      "resolved": "pr-tldr",
      "link": true
    },
    "node_modules/@its-thepoe/root-cause-analysis": {
      "resolved": "root-cause-analysis",
      "link": true
    },
    "node_modules/@its-thepoe/skills": {
      "resolved": "skills",
      "link": true
    },
    "node_modules/@its-thepoe/tailwindcss": {
      "resolved": "tailwindcss",
      "link": true
    },
    "node_modules/@its-thepoe/write-a-skill": {
      "resolved": "write-a-skill",
      "link": true
    },
    "pr-tldr": {
      "name": "@its-thepoe/pr-tldr",
      "version": "1.0.0",
      "license": "MIT"
    },
    "root-cause-analysis": {
      "name": "@its-thepoe/root-cause-analysis",
      "version": "1.0.1",
      "license": "MIT"
    },
    "skills": {
      "name": "@its-thepoe/skills",
      "version": "1.0.17",
      "license": "MIT",
      "dependencies": {
        "@its-thepoe/alt-text": "1.0.1",
        "@its-thepoe/canva-app-builder": "1.0.0",
        "@its-thepoe/codebase-content-ideas": "1.0.3",
        "@its-thepoe/design-and-refine": "1.0.1",
        "@its-thepoe/design-engineering": "1.0.1",
        "@its-thepoe/design-motion-principles": "1.0.1",
        "@its-thepoe/family-taste": "1.0.1",
        "@its-thepoe/figma-plugin-builder": "1.0.0",
        "@its-thepoe/framer-code-components-overrides": "1.0.0",
        "@its-thepoe/framer-plugins": "1.0.0",
        "@its-thepoe/hugeicons": "1.0.1",
        "@its-thepoe/iconsax": "1.0.0",
        "@its-thepoe/market-command-matrix": "1.0.0",
        "@its-thepoe/pr-tldr": "1.0.0",
        "@its-thepoe/root-cause-analysis": "1.0.1",
        "@its-thepoe/tailwindcss": "1.0.1",
        "@its-thepoe/write-a-skill": "1.0.3"
      },
      "bin": {
        "skills": "bin/cli.mjs"
      }
    },
    "tailwindcss": {
      "name": "@its-thepoe/tailwindcss",
      "version": "1.0.1",
      "license": "MIT"
    },
    "write-a-skill": {
      "name": "@its-thepoe/write-a-skill",
      "version": "1.0.3",
      "license": "MIT"
    }
  }
}
