{
  "name": "its-thepoe-skills-monorepo",
  "lockfileVersion": 3,
  "requires": true,
  "packages": {
    "": {
      "name": "its-thepoe-skills-monorepo",
      "license": "MIT",
      "workspaces": [
        "skills",
        "web-design/aave-glass",
        "web-design/agency-grid-layout-minimal",
        "media/alt-text",
        "web-design/animation-on-scroll",
        "web-design/animation-systems",
        "web-design/atmosphere-background",
        "agent/audit-verify-explain-grade-5",
        "media/aura-asset-images",
        "web-design/background-grid-webgl",
        "web-design/beautiful-shadows",
        "web-design/blue-cloudy-clean-modern",
        "web-design/blue-laser-clean-glass-layout",
        "web-design/book-serif-index",
        "web-design/bright-green-tech-system-webgl",
        "tools/canva-app-builder",
        "web-design/cinematic-gsap-lenis-motion-system",
        "web-design/cinematic-scroll-storytelling",
        "web-design/clean-minimal-beige-light-mode",
        "web-design/cobejs",
        "writing/codebase-content-ideas",
        "web-design/company-logos",
        "web-design/container-lines",
        "writing/copywriting",
        "web-design/corner-diagonals",
        "web-design/corner-lasers",
        "web-design/css-alpha-masking",
        "web-design/css-border-gradient",
        "writing/customer-email-draft-threads",
        "agent/customer-support-verification",
        "agent/daily-ui-inspiration-capture",
        "web-design/dark-blue-contrasting-clean",
        "web-design/dark-glass-clean-layout",
        "design/design-and-refine",
        "design/design-engineering",
        "design/design-first-ui-prompting",
        "design/design-motion-principles",
        "design/design-taste-frontend",
        "design/better-colors",
        "design/better-typography",
        "design/better-ui",
        "web-design/dither-background",
        "web-design/dither-laser-dark-mode",
        "web-design/editorial-tech",
        "agent/elevenlabs-tts",
        "design/family-taste",
        "tools/figma-plugin-builder",
        "web-design/framed-grid-layout",
        "web-design/framed-tech-dark-border-gradient",
        "tools/framer-agents",
        "tools/framer-code-components-overrides",
        "tools/framer-plugins",
        "design/frontend-design",
        "design/full-output-enforcement",
        "web-design/funky-purple-container-tech",
        "web-design/glass-dark-mode-clock",
        "web-design/glass-dark-ui",
        "web-design/globe-gl",
        "web-design/globe-particles",
        "web-design/gooey-blob-system",
        "design/gpt-taste",
        "web-design/gsap",
        "web-design/gsap-scrolltrigger-storytelling",
        "web-design/high-contrast-skeuomorphic-clean",
        "design/high-end-visual-design",
        "agent/html-to-interaction-prompts",
        "design/hugeicons",
        "design/iconsax",
        "web-design/image-first-grid-layout",
        "design/image-to-code",
        "design/industrial-brutalist-ui",
        "web-design/landing-page",
        "web-design/light-mode-paper-technical",
        "design/market-command-matrix",
        "web-design/marquee-loop",
        "web-design/masked-reveal",
        "web-design/matterjs",
        "web-design/mesh-gradient-dark-blue-clean",
        "design/minimalist-ui",
        "design/prototype",
        "web-design/nested-container-clean-agency",
        "web-design/nested-container-frames",
        "agent/netlify-deploy",
        "web-design/number-details",
        "agent/optimize-web-animations",
        "web-design/orange-clean-paper-saas",
        "agent/pdf",
        "agent/performance-profiling",
        "agent/playwright",
        "agent/playwright-interactive",
        "writing/pr-tldr",
        "web-design/pricing-page",
        "web-design/progressive-blur",
        "design/redesign-existing-projects",
        "meta/root-cause-analysis",
        "agent/screenshot",
        "design/seo-audit",
        "web-design/skeuomorphic-ui",
        "web-design/solar-duotone-bold",
        "web-design/split-layout-technical",
        "web-design/staggered-word-reveal",
        "design/stitch-design-taste",
        "agent/stitched-full-page-capture",
        "tools/swiftui-debugging",
        "tools/swiftui-pro",
        "tools/tailwindcss",
        "tools/tauri-best-practices",
        "web-design/tech-green-dark-mode-modern",
        "web-design/technical-wireframe-info-layout",
        "web-design/threejs",
        "web-design/unicorn-studio",
        "media/unsplash-asset-images",
        "web-design/vantajs",
        "agent/video-to-superprompt",
        "web-design/webgl-3d-object",
        "web-design/webgl-landing-steering",
        "web-design/webgl-laser",
        "meta/write-a-skill",
        "writing/x-bookmark-quote-posts"
      ]
    },
    "agent/audit-verify-explain-grade-5": {
      "name": "@its-thepoe/audit-verify-explain-grade-5",
      "version": "1.0.1",
      "license": "MIT"
    },
    "agent/customer-support-verification": {
      "name": "@its-thepoe/customer-support-verification",
      "version": "1.0.1",
      "license": "MIT"
    },
    "agent/daily-ui-inspiration-capture": {
      "name": "@its-thepoe/daily-ui-inspiration-capture",
      "version": "1.0.1",
      "license": "MIT"
    },
    "agent/elevenlabs-tts": {
      "name": "@its-thepoe/elevenlabs-tts",
      "version": "1.0.1",
      "license": "MIT"
    },
    "agent/html-to-interaction-prompts": {
      "name": "@its-thepoe/html-to-interaction-prompts",
      "version": "1.0.1",
      "license": "MIT"
    },
    "agent/netlify-deploy": {
      "name": "@its-thepoe/netlify-deploy",
      "version": "1.0.1",
      "license": "MIT"
    },
    "agent/optimize-web-animations": {
      "name": "@its-thepoe/optimize-web-animations",
      "version": "1.0.1",
      "license": "MIT"
    },
    "agent/pdf": {
      "name": "@its-thepoe/pdf",
      "version": "1.0.1",
      "license": "MIT"
    },
    "agent/performance-profiling": {
      "name": "@its-thepoe/performance-profiling",
      "version": "1.0.1",
      "license": "MIT"
    },
    "agent/playwright": {
      "name": "@its-thepoe/playwright",
      "version": "1.0.0",
      "license": "MIT"
    },
    "agent/playwright-interactive": {
      "name": "@its-thepoe/playwright-interactive",
      "version": "1.0.0",
      "license": "MIT"
    },
    "agent/screenshot": {
      "name": "@its-thepoe/screenshot",
      "version": "1.0.0",
      "license": "MIT"
    },
    "agent/stitched-full-page-capture": {
      "name": "@its-thepoe/stitched-full-page-capture",
      "version": "1.0.0",
      "license": "MIT"
    },
    "agent/video-to-superprompt": {
      "name": "@its-thepoe/video-to-superprompt",
      "version": "1.0.0",
      "license": "MIT"
    },
    "alt-text": {
      "name": "@its-thepoe/alt-text",
      "version": "1.0.1",
      "extraneous": true,
      "license": "MIT"
    },
    "canva-app-builder": {
      "name": "@its-thepoe/canva-app-builder",
      "version": "1.0.0",
      "extraneous": true,
      "license": "MIT"
    },
    "codebase-content-ideas": {
      "name": "@its-thepoe/codebase-content-ideas",
      "version": "1.0.3",
      "extraneous": true,
      "license": "MIT"
    },
    "design-and-refine": {
      "name": "@its-thepoe/design-and-refine",
      "version": "1.0.1",
      "extraneous": true,
      "license": "MIT"
    },
    "design-engineering": {
      "name": "@its-thepoe/design-engineering",
      "version": "1.0.1",
      "extraneous": true,
      "license": "MIT"
    },
    "design-motion-principles": {
      "name": "@its-thepoe/design-motion-principles",
      "version": "1.0.1",
      "extraneous": true,
      "license": "MIT"
    },
    "design/better-colors": {
      "name": "@its-thepoe/better-colors",
      "version": "1.0.0",
      "license": "MIT"
    },
    "design/better-typography": {
      "name": "@its-thepoe/better-typography",
      "version": "1.0.0",
      "license": "MIT"
    },
    "design/better-ui": {
      "name": "@its-thepoe/better-ui",
      "version": "1.0.0",
      "license": "MIT"
    },
    "design/design-and-refine": {
      "name": "@its-thepoe/design-and-refine",
      "version": "1.0.1",
      "license": "MIT"
    },
    "design/design-engineering": {
      "name": "@its-thepoe/design-engineering",
      "version": "1.0.1",
      "license": "MIT"
    },
    "design/design-first-ui-prompting": {
      "name": "@its-thepoe/design-first-ui-prompting",
      "version": "1.0.0",
      "license": "MIT"
    },
    "design/design-motion-principles": {
      "name": "@its-thepoe/design-motion-principles",
      "version": "1.0.1",
      "license": "MIT"
    },
    "design/design-taste-frontend": {
      "name": "@its-thepoe/design-taste-frontend",
      "version": "1.0.0",
      "license": "MIT"
    },
    "design/family-taste": {
      "name": "@its-thepoe/family-taste",
      "version": "1.0.1",
      "license": "MIT"
    },
    "design/frontend-design": {
      "name": "@its-thepoe/frontend-design",
      "version": "1.0.0",
      "license": "MIT"
    },
    "design/full-output-enforcement": {
      "name": "@its-thepoe/full-output-enforcement",
      "version": "1.0.0",
      "license": "MIT"
    },
    "design/gpt-taste": {
      "name": "@its-thepoe/gpt-taste",
      "version": "1.0.0",
      "license": "MIT"
    },
    "design/high-end-visual-design": {
      "name": "@its-thepoe/high-end-visual-design",
      "version": "1.0.0",
      "license": "MIT"
    },
    "design/hugeicons": {
      "name": "@its-thepoe/hugeicons",
      "version": "1.0.1",
      "license": "MIT"
    },
    "design/iconsax": {
      "name": "@its-thepoe/iconsax",
      "version": "1.0.0",
      "license": "MIT"
    },
    "design/image-to-code": {
      "name": "@its-thepoe/image-to-code",
      "version": "1.0.0",
      "license": "MIT"
    },
    "design/industrial-brutalist-ui": {
      "name": "@its-thepoe/industrial-brutalist-ui",
      "version": "1.0.0",
      "license": "MIT"
    },
    "design/market-command-matrix": {
      "name": "@its-thepoe/market-command-matrix",
      "version": "1.0.0",
      "license": "MIT"
    },
    "design/minimalist-ui": {
      "name": "@its-thepoe/minimalist-ui",
      "version": "1.0.0",
      "license": "MIT"
    },
    "design/prototype": {
      "name": "@its-thepoe/prototype",
      "version": "1.0.0",
      "license": "MIT"
    },
    "design/redesign-existing-projects": {
      "name": "@its-thepoe/redesign-existing-projects",
      "version": "1.0.0",
      "license": "MIT"
    },
    "design/seo-audit": {
      "name": "@its-thepoe/seo-audit",
      "version": "1.0.0",
      "license": "MIT"
    },
    "design/stitch-design-taste": {
      "name": "@its-thepoe/stitch-design-taste",
      "version": "1.0.0",
      "license": "MIT"
    },
    "family-taste": {
      "name": "@its-thepoe/family-taste",
      "version": "1.0.1",
      "extraneous": true,
      "license": "MIT"
    },
    "figma-plugin-builder": {
      "name": "@its-thepoe/figma-plugin-builder",
      "version": "1.0.0",
      "extraneous": true,
      "license": "MIT"
    },
    "framer-code-components-overrides": {
      "name": "@its-thepoe/framer-code-components-overrides",
      "version": "1.0.0",
      "extraneous": true,
      "license": "MIT"
    },
    "framer-plugins": {
      "name": "@its-thepoe/framer-plugins",
      "version": "1.0.0",
      "extraneous": true,
      "license": "MIT"
    },
    "hugeicons": {
      "name": "@its-thepoe/hugeicons",
      "version": "1.0.1",
      "extraneous": true,
      "license": "MIT"
    },
    "iconsax": {
      "name": "@its-thepoe/iconsax",
      "version": "1.0.0",
      "extraneous": true,
      "license": "MIT"
    },
    "market-command-matrix": {
      "name": "@its-thepoe/market-command-matrix",
      "version": "1.0.0",
      "extraneous": true,
      "license": "MIT"
    },
    "media/alt-text": {
      "name": "@its-thepoe/alt-text",
      "version": "1.0.1",
      "license": "MIT"
    },
    "media/aura-asset-images": {
      "name": "@its-thepoe/aura-asset-images",
      "version": "1.0.0",
      "license": "MIT"
    },
    "media/unsplash-asset-images": {
      "name": "@its-thepoe/unsplash-asset-images",
      "version": "1.0.0",
      "license": "MIT"
    },
    "meta/root-cause-analysis": {
      "name": "@its-thepoe/root-cause-analysis",
      "version": "1.0.1",
      "license": "MIT"
    },
    "meta/write-a-skill": {
      "name": "@its-thepoe/write-a-skill",
      "version": "1.0.3",
      "license": "MIT"
    },
    "node_modules/@its-thepoe/aave-glass": {
      "resolved": "web-design/aave-glass",
      "link": true
    },
    "node_modules/@its-thepoe/agency-grid-layout-minimal": {
      "resolved": "web-design/agency-grid-layout-minimal",
      "link": true
    },
    "node_modules/@its-thepoe/alt-text": {
      "resolved": "media/alt-text",
      "link": true
    },
    "node_modules/@its-thepoe/animation-on-scroll": {
      "resolved": "web-design/animation-on-scroll",
      "link": true
    },
    "node_modules/@its-thepoe/animation-systems": {
      "resolved": "web-design/animation-systems",
      "link": true
    },
    "node_modules/@its-thepoe/atmosphere-background": {
      "resolved": "web-design/atmosphere-background",
      "link": true
    },
    "node_modules/@its-thepoe/audit-verify-explain-grade-5": {
      "resolved": "agent/audit-verify-explain-grade-5",
      "link": true
    },
    "node_modules/@its-thepoe/aura-asset-images": {
      "resolved": "media/aura-asset-images",
      "link": true
    },
    "node_modules/@its-thepoe/background-grid-webgl": {
      "resolved": "web-design/background-grid-webgl",
      "link": true
    },
    "node_modules/@its-thepoe/beautiful-shadows": {
      "resolved": "web-design/beautiful-shadows",
      "link": true
    },
    "node_modules/@its-thepoe/better-colors": {
      "resolved": "design/better-colors",
      "link": true
    },
    "node_modules/@its-thepoe/better-typography": {
      "resolved": "design/better-typography",
      "link": true
    },
    "node_modules/@its-thepoe/better-ui": {
      "resolved": "design/better-ui",
      "link": true
    },
    "node_modules/@its-thepoe/blue-cloudy-clean-modern": {
      "resolved": "web-design/blue-cloudy-clean-modern",
      "link": true
    },
    "node_modules/@its-thepoe/blue-laser-clean-glass-layout": {
      "resolved": "web-design/blue-laser-clean-glass-layout",
      "link": true
    },
    "node_modules/@its-thepoe/book-serif-index": {
      "resolved": "web-design/book-serif-index",
      "link": true
    },
    "node_modules/@its-thepoe/bright-green-tech-system-webgl": {
      "resolved": "web-design/bright-green-tech-system-webgl",
      "link": true
    },
    "node_modules/@its-thepoe/canva-app-builder": {
      "resolved": "tools/canva-app-builder",
      "link": true
    },
    "node_modules/@its-thepoe/cinematic-gsap-lenis-motion-system": {
      "resolved": "web-design/cinematic-gsap-lenis-motion-system",
      "link": true
    },
    "node_modules/@its-thepoe/cinematic-scroll-storytelling": {
      "resolved": "web-design/cinematic-scroll-storytelling",
      "link": true
    },
    "node_modules/@its-thepoe/clean-minimal-beige-light-mode": {
      "resolved": "web-design/clean-minimal-beige-light-mode",
      "link": true
    },
    "node_modules/@its-thepoe/cobejs": {
      "resolved": "web-design/cobejs",
      "link": true
    },
    "node_modules/@its-thepoe/codebase-content-ideas": {
      "resolved": "writing/codebase-content-ideas",
      "link": true
    },
    "node_modules/@its-thepoe/company-logos": {
      "resolved": "web-design/company-logos",
      "link": true
    },
    "node_modules/@its-thepoe/container-lines": {
      "resolved": "web-design/container-lines",
      "link": true
    },
    "node_modules/@its-thepoe/copywriting": {
      "resolved": "writing/copywriting",
      "link": true
    },
    "node_modules/@its-thepoe/corner-diagonals": {
      "resolved": "web-design/corner-diagonals",
      "link": true
    },
    "node_modules/@its-thepoe/corner-lasers": {
      "resolved": "web-design/corner-lasers",
      "link": true
    },
    "node_modules/@its-thepoe/css-alpha-masking": {
      "resolved": "web-design/css-alpha-masking",
      "link": true
    },
    "node_modules/@its-thepoe/css-border-gradient": {
      "resolved": "web-design/css-border-gradient",
      "link": true
    },
    "node_modules/@its-thepoe/customer-email-draft-threads": {
      "resolved": "writing/customer-email-draft-threads",
      "link": true
    },
    "node_modules/@its-thepoe/customer-support-verification": {
      "resolved": "agent/customer-support-verification",
      "link": true
    },
    "node_modules/@its-thepoe/daily-ui-inspiration-capture": {
      "resolved": "agent/daily-ui-inspiration-capture",
      "link": true
    },
    "node_modules/@its-thepoe/dark-blue-contrasting-clean": {
      "resolved": "web-design/dark-blue-contrasting-clean",
      "link": true
    },
    "node_modules/@its-thepoe/dark-glass-clean-layout": {
      "resolved": "web-design/dark-glass-clean-layout",
      "link": true
    },
    "node_modules/@its-thepoe/design-and-refine": {
      "resolved": "design/design-and-refine",
      "link": true
    },
    "node_modules/@its-thepoe/design-engineering": {
      "resolved": "design/design-engineering",
      "link": true
    },
    "node_modules/@its-thepoe/design-first-ui-prompting": {
      "resolved": "design/design-first-ui-prompting",
      "link": true
    },
    "node_modules/@its-thepoe/design-motion-principles": {
      "resolved": "design/design-motion-principles",
      "link": true
    },
    "node_modules/@its-thepoe/design-taste-frontend": {
      "resolved": "design/design-taste-frontend",
      "link": true
    },
    "node_modules/@its-thepoe/dither-background": {
      "resolved": "web-design/dither-background",
      "link": true
    },
    "node_modules/@its-thepoe/dither-laser-dark-mode": {
      "resolved": "web-design/dither-laser-dark-mode",
      "link": true
    },
    "node_modules/@its-thepoe/editorial-tech": {
      "resolved": "web-design/editorial-tech",
      "link": true
    },
    "node_modules/@its-thepoe/elevenlabs-tts": {
      "resolved": "agent/elevenlabs-tts",
      "link": true
    },
    "node_modules/@its-thepoe/family-taste": {
      "resolved": "design/family-taste",
      "link": true
    },
    "node_modules/@its-thepoe/figma-plugin-builder": {
      "resolved": "tools/figma-plugin-builder",
      "link": true
    },
    "node_modules/@its-thepoe/framed-grid-layout": {
      "resolved": "web-design/framed-grid-layout",
      "link": true
    },
    "node_modules/@its-thepoe/framed-tech-dark-border-gradient": {
      "resolved": "web-design/framed-tech-dark-border-gradient",
      "link": true
    },
    "node_modules/@its-thepoe/framer-agents": {
      "resolved": "tools/framer-agents",
      "link": true
    },
    "node_modules/@its-thepoe/framer-code-components-overrides": {
      "resolved": "tools/framer-code-components-overrides",
      "link": true
    },
    "node_modules/@its-thepoe/framer-plugins": {
      "resolved": "tools/framer-plugins",
      "link": true
    },
    "node_modules/@its-thepoe/frontend-design": {
      "resolved": "design/frontend-design",
      "link": true
    },
    "node_modules/@its-thepoe/full-output-enforcement": {
      "resolved": "design/full-output-enforcement",
      "link": true
    },
    "node_modules/@its-thepoe/funky-purple-container-tech": {
      "resolved": "web-design/funky-purple-container-tech",
      "link": true
    },
    "node_modules/@its-thepoe/glass-dark-mode-clock": {
      "resolved": "web-design/glass-dark-mode-clock",
      "link": true
    },
    "node_modules/@its-thepoe/glass-dark-ui": {
      "resolved": "web-design/glass-dark-ui",
      "link": true
    },
    "node_modules/@its-thepoe/globe-gl": {
      "resolved": "web-design/globe-gl",
      "link": true
    },
    "node_modules/@its-thepoe/globe-particles": {
      "resolved": "web-design/globe-particles",
      "link": true
    },
    "node_modules/@its-thepoe/gooey-blob-system": {
      "resolved": "web-design/gooey-blob-system",
      "link": true
    },
    "node_modules/@its-thepoe/gpt-taste": {
      "resolved": "design/gpt-taste",
      "link": true
    },
    "node_modules/@its-thepoe/gsap": {
      "resolved": "web-design/gsap",
      "link": true
    },
    "node_modules/@its-thepoe/gsap-scrolltrigger-storytelling": {
      "resolved": "web-design/gsap-scrolltrigger-storytelling",
      "link": true
    },
    "node_modules/@its-thepoe/high-contrast-skeuomorphic-clean": {
      "resolved": "web-design/high-contrast-skeuomorphic-clean",
      "link": true
    },
    "node_modules/@its-thepoe/high-end-visual-design": {
      "resolved": "design/high-end-visual-design",
      "link": true
    },
    "node_modules/@its-thepoe/html-to-interaction-prompts": {
      "resolved": "agent/html-to-interaction-prompts",
      "link": true
    },
    "node_modules/@its-thepoe/hugeicons": {
      "resolved": "design/hugeicons",
      "link": true
    },
    "node_modules/@its-thepoe/iconsax": {
      "resolved": "design/iconsax",
      "link": true
    },
    "node_modules/@its-thepoe/image-first-grid-layout": {
      "resolved": "web-design/image-first-grid-layout",
      "link": true
    },
    "node_modules/@its-thepoe/image-to-code": {
      "resolved": "design/image-to-code",
      "link": true
    },
    "node_modules/@its-thepoe/industrial-brutalist-ui": {
      "resolved": "design/industrial-brutalist-ui",
      "link": true
    },
    "node_modules/@its-thepoe/landing-page": {
      "resolved": "web-design/landing-page",
      "link": true
    },
    "node_modules/@its-thepoe/light-mode-paper-technical": {
      "resolved": "web-design/light-mode-paper-technical",
      "link": true
    },
    "node_modules/@its-thepoe/market-command-matrix": {
      "resolved": "design/market-command-matrix",
      "link": true
    },
    "node_modules/@its-thepoe/marquee-loop": {
      "resolved": "web-design/marquee-loop",
      "link": true
    },
    "node_modules/@its-thepoe/masked-reveal": {
      "resolved": "web-design/masked-reveal",
      "link": true
    },
    "node_modules/@its-thepoe/matterjs": {
      "resolved": "web-design/matterjs",
      "link": true
    },
    "node_modules/@its-thepoe/mesh-gradient-dark-blue-clean": {
      "resolved": "web-design/mesh-gradient-dark-blue-clean",
      "link": true
    },
    "node_modules/@its-thepoe/minimalist-ui": {
      "resolved": "design/minimalist-ui",
      "link": true
    },
    "node_modules/@its-thepoe/nested-container-clean-agency": {
      "resolved": "web-design/nested-container-clean-agency",
      "link": true
    },
    "node_modules/@its-thepoe/nested-container-frames": {
      "resolved": "web-design/nested-container-frames",
      "link": true
    },
    "node_modules/@its-thepoe/netlify-deploy": {
      "resolved": "agent/netlify-deploy",
      "link": true
    },
    "node_modules/@its-thepoe/number-details": {
      "resolved": "web-design/number-details",
      "link": true
    },
    "node_modules/@its-thepoe/optimize-web-animations": {
      "resolved": "agent/optimize-web-animations",
      "link": true
    },
    "node_modules/@its-thepoe/orange-clean-paper-saas": {
      "resolved": "web-design/orange-clean-paper-saas",
      "link": true
    },
    "node_modules/@its-thepoe/pdf": {
      "resolved": "agent/pdf",
      "link": true
    },
    "node_modules/@its-thepoe/performance-profiling": {
      "resolved": "agent/performance-profiling",
      "link": true
    },
    "node_modules/@its-thepoe/playwright": {
      "resolved": "agent/playwright",
      "link": true
    },
    "node_modules/@its-thepoe/playwright-interactive": {
      "resolved": "agent/playwright-interactive",
      "link": true
    },
    "node_modules/@its-thepoe/pr-tldr": {
      "resolved": "writing/pr-tldr",
      "link": true
    },
    "node_modules/@its-thepoe/pricing-page": {
      "resolved": "web-design/pricing-page",
      "link": true
    },
    "node_modules/@its-thepoe/progressive-blur": {
      "resolved": "web-design/progressive-blur",
      "link": true
    },
    "node_modules/@its-thepoe/prototype": {
      "resolved": "design/prototype",
      "link": true
    },
    "node_modules/@its-thepoe/redesign-existing-projects": {
      "resolved": "design/redesign-existing-projects",
      "link": true
    },
    "node_modules/@its-thepoe/root-cause-analysis": {
      "resolved": "meta/root-cause-analysis",
      "link": true
    },
    "node_modules/@its-thepoe/screenshot": {
      "resolved": "agent/screenshot",
      "link": true
    },
    "node_modules/@its-thepoe/seo-audit": {
      "resolved": "design/seo-audit",
      "link": true
    },
    "node_modules/@its-thepoe/skeuomorphic-ui": {
      "resolved": "web-design/skeuomorphic-ui",
      "link": true
    },
    "node_modules/@its-thepoe/skills": {
      "resolved": "skills",
      "link": true
    },
    "node_modules/@its-thepoe/solar-duotone-bold": {
      "resolved": "web-design/solar-duotone-bold",
      "link": true
    },
    "node_modules/@its-thepoe/split-layout-technical": {
      "resolved": "web-design/split-layout-technical",
      "link": true
    },
    "node_modules/@its-thepoe/staggered-word-reveal": {
      "resolved": "web-design/staggered-word-reveal",
      "link": true
    },
    "node_modules/@its-thepoe/stitch-design-taste": {
      "resolved": "design/stitch-design-taste",
      "link": true
    },
    "node_modules/@its-thepoe/stitched-full-page-capture": {
      "resolved": "agent/stitched-full-page-capture",
      "link": true
    },
    "node_modules/@its-thepoe/swiftui-debugging": {
      "resolved": "tools/swiftui-debugging",
      "link": true
    },
    "node_modules/@its-thepoe/swiftui-pro": {
      "resolved": "tools/swiftui-pro",
      "link": true
    },
    "node_modules/@its-thepoe/tailwindcss": {
      "resolved": "tools/tailwindcss",
      "link": true
    },
    "node_modules/@its-thepoe/tauri-best-practices": {
      "resolved": "tools/tauri-best-practices",
      "link": true
    },
    "node_modules/@its-thepoe/tech-green-dark-mode-modern": {
      "resolved": "web-design/tech-green-dark-mode-modern",
      "link": true
    },
    "node_modules/@its-thepoe/technical-wireframe-info-layout": {
      "resolved": "web-design/technical-wireframe-info-layout",
      "link": true
    },
    "node_modules/@its-thepoe/threejs": {
      "resolved": "web-design/threejs",
      "link": true
    },
    "node_modules/@its-thepoe/unicorn-studio": {
      "resolved": "web-design/unicorn-studio",
      "link": true
    },
    "node_modules/@its-thepoe/unsplash-asset-images": {
      "resolved": "media/unsplash-asset-images",
      "link": true
    },
    "node_modules/@its-thepoe/vantajs": {
      "resolved": "web-design/vantajs",
      "link": true
    },
    "node_modules/@its-thepoe/video-to-superprompt": {
      "resolved": "agent/video-to-superprompt",
      "link": true
    },
    "node_modules/@its-thepoe/webgl-3d-object": {
      "resolved": "web-design/webgl-3d-object",
      "link": true
    },
    "node_modules/@its-thepoe/webgl-landing-steering": {
      "resolved": "web-design/webgl-landing-steering",
      "link": true
    },
    "node_modules/@its-thepoe/webgl-laser": {
      "resolved": "web-design/webgl-laser",
      "link": true
    },
    "node_modules/@its-thepoe/write-a-skill": {
      "resolved": "meta/write-a-skill",
      "link": true
    },
    "node_modules/@its-thepoe/x-bookmark-quote-posts": {
      "resolved": "writing/x-bookmark-quote-posts",
      "link": true
    },
    "pr-tldr": {
      "name": "@its-thepoe/pr-tldr",
      "version": "1.0.0",
      "extraneous": true,
      "license": "MIT"
    },
    "root-cause-analysis": {
      "name": "@its-thepoe/root-cause-analysis",
      "version": "1.0.1",
      "extraneous": true,
      "license": "MIT"
    },
    "skills": {
      "name": "@its-thepoe/skills",
      "version": "1.0.21",
      "license": "MIT",
      "dependencies": {
        "@its-thepoe/aave-glass": "1.0.0",
        "@its-thepoe/agency-grid-layout-minimal": "1.0.0",
        "@its-thepoe/alt-text": "1.0.1",
        "@its-thepoe/animation-on-scroll": "1.0.0",
        "@its-thepoe/animation-systems": "1.0.0",
        "@its-thepoe/atmosphere-background": "1.0.0",
        "@its-thepoe/audit-verify-explain-grade-5": "1.0.0",
        "@its-thepoe/aura-asset-images": "1.0.0",
        "@its-thepoe/background-grid-webgl": "1.0.0",
        "@its-thepoe/beautiful-shadows": "1.0.0",
        "@its-thepoe/better-colors": "1.0.0",
        "@its-thepoe/better-typography": "1.0.0",
        "@its-thepoe/better-ui": "1.0.0",
        "@its-thepoe/blue-cloudy-clean-modern": "1.0.0",
        "@its-thepoe/blue-laser-clean-glass-layout": "1.0.0",
        "@its-thepoe/book-serif-index": "1.0.0",
        "@its-thepoe/bright-green-tech-system-webgl": "1.0.0",
        "@its-thepoe/canva-app-builder": "1.0.0",
        "@its-thepoe/cinematic-gsap-lenis-motion-system": "1.0.0",
        "@its-thepoe/cinematic-scroll-storytelling": "1.0.0",
        "@its-thepoe/clean-minimal-beige-light-mode": "1.0.0",
        "@its-thepoe/cobejs": "1.0.0",
        "@its-thepoe/codebase-content-ideas": "1.0.3",
        "@its-thepoe/company-logos": "1.0.0",
        "@its-thepoe/container-lines": "1.0.0",
        "@its-thepoe/copywriting": "1.0.0",
        "@its-thepoe/corner-diagonals": "1.0.0",
        "@its-thepoe/corner-lasers": "1.0.0",
        "@its-thepoe/css-alpha-masking": "1.0.0",
        "@its-thepoe/css-border-gradient": "1.0.0",
        "@its-thepoe/customer-email-draft-threads": "1.0.0",
        "@its-thepoe/customer-support-verification": "1.0.0",
        "@its-thepoe/daily-ui-inspiration-capture": "1.0.0",
        "@its-thepoe/dark-blue-contrasting-clean": "1.0.0",
        "@its-thepoe/dark-glass-clean-layout": "1.0.0",
        "@its-thepoe/design-and-refine": "1.0.1",
        "@its-thepoe/design-engineering": "1.0.1",
        "@its-thepoe/design-first-ui-prompting": "1.0.0",
        "@its-thepoe/design-motion-principles": "1.0.1",
        "@its-thepoe/design-taste-frontend": "1.0.0",
        "@its-thepoe/dither-background": "1.0.0",
        "@its-thepoe/dither-laser-dark-mode": "1.0.0",
        "@its-thepoe/editorial-tech": "1.0.0",
        "@its-thepoe/elevenlabs-tts": "1.0.0",
        "@its-thepoe/family-taste": "1.0.1",
        "@its-thepoe/figma-plugin-builder": "1.0.0",
        "@its-thepoe/framed-grid-layout": "1.0.0",
        "@its-thepoe/framed-tech-dark-border-gradient": "1.0.0",
        "@its-thepoe/framer-agents": "1.0.0",
        "@its-thepoe/framer-code-components-overrides": "1.0.0",
        "@its-thepoe/framer-plugins": "1.0.0",
        "@its-thepoe/frontend-design": "1.0.0",
        "@its-thepoe/full-output-enforcement": "1.0.0",
        "@its-thepoe/funky-purple-container-tech": "1.0.0",
        "@its-thepoe/glass-dark-mode-clock": "1.0.0",
        "@its-thepoe/glass-dark-ui": "1.0.0",
        "@its-thepoe/globe-gl": "1.0.0",
        "@its-thepoe/globe-particles": "1.0.0",
        "@its-thepoe/gooey-blob-system": "1.0.0",
        "@its-thepoe/gpt-taste": "1.0.0",
        "@its-thepoe/gsap": "1.0.0",
        "@its-thepoe/gsap-scrolltrigger-storytelling": "1.0.0",
        "@its-thepoe/high-contrast-skeuomorphic-clean": "1.0.0",
        "@its-thepoe/high-end-visual-design": "1.0.0",
        "@its-thepoe/html-to-interaction-prompts": "1.0.0",
        "@its-thepoe/hugeicons": "1.0.1",
        "@its-thepoe/iconsax": "1.0.0",
        "@its-thepoe/image-first-grid-layout": "1.0.0",
        "@its-thepoe/image-to-code": "1.0.0",
        "@its-thepoe/industrial-brutalist-ui": "1.0.0",
        "@its-thepoe/landing-page": "1.0.0",
        "@its-thepoe/light-mode-paper-technical": "1.0.0",
        "@its-thepoe/market-command-matrix": "1.0.0",
        "@its-thepoe/marquee-loop": "1.0.0",
        "@its-thepoe/masked-reveal": "1.0.0",
        "@its-thepoe/matterjs": "1.0.0",
        "@its-thepoe/mesh-gradient-dark-blue-clean": "1.0.0",
        "@its-thepoe/minimalist-ui": "1.0.0",
        "@its-thepoe/nested-container-clean-agency": "1.0.0",
        "@its-thepoe/nested-container-frames": "1.0.0",
        "@its-thepoe/netlify-deploy": "1.0.0",
        "@its-thepoe/number-details": "1.0.0",
        "@its-thepoe/optimize-web-animations": "1.0.0",
        "@its-thepoe/orange-clean-paper-saas": "1.0.0",
        "@its-thepoe/pdf": "1.0.0",
        "@its-thepoe/performance-profiling": "1.0.0",
        "@its-thepoe/playwright": "1.0.0",
        "@its-thepoe/playwright-interactive": "1.0.0",
        "@its-thepoe/pr-tldr": "1.0.0",
        "@its-thepoe/pricing-page": "1.0.0",
        "@its-thepoe/progressive-blur": "1.0.0",
        "@its-thepoe/prototype": "1.0.1",
        "@its-thepoe/redesign-existing-projects": "1.0.0",
        "@its-thepoe/root-cause-analysis": "1.0.1",
        "@its-thepoe/screenshot": "1.0.0",
        "@its-thepoe/seo-audit": "1.0.0",
        "@its-thepoe/skeuomorphic-ui": "1.0.0",
        "@its-thepoe/solar-duotone-bold": "1.0.0",
        "@its-thepoe/split-layout-technical": "1.0.0",
        "@its-thepoe/staggered-word-reveal": "1.0.0",
        "@its-thepoe/stitch-design-taste": "1.0.0",
        "@its-thepoe/stitched-full-page-capture": "1.0.0",
        "@its-thepoe/swiftui-debugging": "1.0.0",
        "@its-thepoe/swiftui-pro": "1.0.0",
        "@its-thepoe/tailwindcss": "1.0.1",
        "@its-thepoe/tauri-best-practices": "1.0.0",
        "@its-thepoe/tech-green-dark-mode-modern": "1.0.0",
        "@its-thepoe/technical-wireframe-info-layout": "1.0.0",
        "@its-thepoe/threejs": "1.0.0",
        "@its-thepoe/unicorn-studio": "1.0.0",
        "@its-thepoe/unsplash-asset-images": "1.0.0",
        "@its-thepoe/vantajs": "1.0.0",
        "@its-thepoe/video-to-superprompt": "1.0.0",
        "@its-thepoe/webgl-3d-object": "1.0.0",
        "@its-thepoe/webgl-landing-steering": "1.0.0",
        "@its-thepoe/webgl-laser": "1.0.0",
        "@its-thepoe/write-a-skill": "1.0.3",
        "@its-thepoe/x-bookmark-quote-posts": "1.0.0"
      },
      "bin": {
        "skills": "bin/cli.mjs"
      }
    },
    "tailwindcss": {
      "name": "@its-thepoe/tailwindcss",
      "version": "1.0.1",
      "extraneous": true,
      "license": "MIT"
    },
    "tools/canva-app-builder": {
      "name": "@its-thepoe/canva-app-builder",
      "version": "1.0.0",
      "license": "MIT"
    },
    "tools/figma-plugin-builder": {
      "name": "@its-thepoe/figma-plugin-builder",
      "version": "1.0.0",
      "license": "MIT"
    },
    "tools/framer-agents": {
      "name": "@its-thepoe/framer-agents",
      "version": "1.0.0",
      "license": "MIT"
    },
    "tools/framer-code-components-overrides": {
      "name": "@its-thepoe/framer-code-components-overrides",
      "version": "1.0.0",
      "license": "MIT"
    },
    "tools/framer-plugins": {
      "name": "@its-thepoe/framer-plugins",
      "version": "1.0.0",
      "license": "MIT"
    },
    "tools/swiftui-debugging": {
      "name": "@its-thepoe/swiftui-debugging",
      "version": "1.0.0",
      "license": "MIT"
    },
    "tools/swiftui-pro": {
      "name": "@its-thepoe/swiftui-pro",
      "version": "1.0.0",
      "license": "MIT"
    },
    "tools/tailwindcss": {
      "name": "@its-thepoe/tailwindcss",
      "version": "1.0.1",
      "license": "MIT"
    },
    "tools/tauri-best-practices": {
      "name": "@its-thepoe/tauri-best-practices",
      "version": "1.0.0",
      "license": "MIT"
    },
    "web-design/aave-glass": {
      "name": "@its-thepoe/aave-glass",
      "version": "1.0.0",
      "license": "MIT"
    },
    "web-design/agency-grid-layout-minimal": {
      "name": "@its-thepoe/agency-grid-layout-minimal",
      "version": "1.0.0",
      "license": "MIT"
    },
    "web-design/animation-on-scroll": {
      "name": "@its-thepoe/animation-on-scroll",
      "version": "1.0.0",
      "license": "MIT"
    },
    "web-design/animation-systems": {
      "name": "@its-thepoe/animation-systems",
      "version": "1.0.0",
      "license": "MIT"
    },
    "web-design/atmosphere-background": {
      "name": "@its-thepoe/atmosphere-background",
      "version": "1.0.0",
      "license": "MIT"
    },
    "web-design/background-grid-webgl": {
      "name": "@its-thepoe/background-grid-webgl",
      "version": "1.0.0",
      "license": "MIT"
    },
    "web-design/beautiful-shadows": {
      "name": "@its-thepoe/beautiful-shadows",
      "version": "1.0.0",
      "license": "MIT"
    },
    "web-design/blue-cloudy-clean-modern": {
      "name": "@its-thepoe/blue-cloudy-clean-modern",
      "version": "1.0.0",
      "license": "MIT"
    },
    "web-design/blue-laser-clean-glass-layout": {
      "name": "@its-thepoe/blue-laser-clean-glass-layout",
      "version": "1.0.0",
      "license": "MIT"
    },
    "web-design/book-serif-index": {
      "name": "@its-thepoe/book-serif-index",
      "version": "1.0.0",
      "license": "MIT"
    },
    "web-design/bright-green-tech-system-webgl": {
      "name": "@its-thepoe/bright-green-tech-system-webgl",
      "version": "1.0.0",
      "license": "MIT"
    },
    "web-design/cinematic-gsap-lenis-motion-system": {
      "name": "@its-thepoe/cinematic-gsap-lenis-motion-system",
      "version": "1.0.0",
      "license": "MIT"
    },
    "web-design/cinematic-scroll-storytelling": {
      "name": "@its-thepoe/cinematic-scroll-storytelling",
      "version": "1.0.0",
      "license": "MIT"
    },
    "web-design/clean-minimal-beige-light-mode": {
      "name": "@its-thepoe/clean-minimal-beige-light-mode",
      "version": "1.0.0",
      "license": "MIT"
    },
    "web-design/cobejs": {
      "name": "@its-thepoe/cobejs",
      "version": "1.0.0",
      "license": "MIT"
    },
    "web-design/company-logos": {
      "name": "@its-thepoe/company-logos",
      "version": "1.0.0",
      "license": "MIT"
    },
    "web-design/container-lines": {
      "name": "@its-thepoe/container-lines",
      "version": "1.0.0",
      "license": "MIT"
    },
    "web-design/corner-diagonals": {
      "name": "@its-thepoe/corner-diagonals",
      "version": "1.0.0",
      "license": "MIT"
    },
    "web-design/corner-lasers": {
      "name": "@its-thepoe/corner-lasers",
      "version": "1.0.0",
      "license": "MIT"
    },
    "web-design/css-alpha-masking": {
      "name": "@its-thepoe/css-alpha-masking",
      "version": "1.0.0",
      "license": "MIT"
    },
    "web-design/css-border-gradient": {
      "name": "@its-thepoe/css-border-gradient",
      "version": "1.0.0",
      "license": "MIT"
    },
    "web-design/dark-blue-contrasting-clean": {
      "name": "@its-thepoe/dark-blue-contrasting-clean",
      "version": "1.0.0",
      "license": "MIT"
    },
    "web-design/dark-glass-clean-layout": {
      "name": "@its-thepoe/dark-glass-clean-layout",
      "version": "1.0.0",
      "license": "MIT"
    },
    "web-design/dither-background": {
      "name": "@its-thepoe/dither-background",
      "version": "1.0.0",
      "license": "MIT"
    },
    "web-design/dither-laser-dark-mode": {
      "name": "@its-thepoe/dither-laser-dark-mode",
      "version": "1.0.0",
      "license": "MIT"
    },
    "web-design/editorial-tech": {
      "name": "@its-thepoe/editorial-tech",
      "version": "1.0.0",
      "license": "MIT"
    },
    "web-design/framed-grid-layout": {
      "name": "@its-thepoe/framed-grid-layout",
      "version": "1.0.0",
      "license": "MIT"
    },
    "web-design/framed-tech-dark-border-gradient": {
      "name": "@its-thepoe/framed-tech-dark-border-gradient",
      "version": "1.0.0",
      "license": "MIT"
    },
    "web-design/funky-purple-container-tech": {
      "name": "@its-thepoe/funky-purple-container-tech",
      "version": "1.0.0",
      "license": "MIT"
    },
    "web-design/glass-dark-mode-clock": {
      "name": "@its-thepoe/glass-dark-mode-clock",
      "version": "1.0.0",
      "license": "MIT"
    },
    "web-design/glass-dark-ui": {
      "name": "@its-thepoe/glass-dark-ui",
      "version": "1.0.0",
      "license": "MIT"
    },
    "web-design/globe-gl": {
      "name": "@its-thepoe/globe-gl",
      "version": "1.0.0",
      "license": "MIT"
    },
    "web-design/globe-particles": {
      "name": "@its-thepoe/globe-particles",
      "version": "1.0.0",
      "license": "MIT"
    },
    "web-design/gooey-blob-system": {
      "name": "@its-thepoe/gooey-blob-system",
      "version": "1.0.0",
      "license": "MIT"
    },
    "web-design/gsap": {
      "name": "@its-thepoe/gsap",
      "version": "1.0.0",
      "license": "MIT"
    },
    "web-design/gsap-scrolltrigger-storytelling": {
      "name": "@its-thepoe/gsap-scrolltrigger-storytelling",
      "version": "1.0.0",
      "license": "MIT"
    },
    "web-design/high-contrast-skeuomorphic-clean": {
      "name": "@its-thepoe/high-contrast-skeuomorphic-clean",
      "version": "1.0.0",
      "license": "MIT"
    },
    "web-design/image-first-grid-layout": {
      "name": "@its-thepoe/image-first-grid-layout",
      "version": "1.0.0",
      "license": "MIT"
    },
    "web-design/landing-page": {
      "name": "@its-thepoe/landing-page",
      "version": "1.0.0",
      "license": "MIT"
    },
    "web-design/light-mode-paper-technical": {
      "name": "@its-thepoe/light-mode-paper-technical",
      "version": "1.0.0",
      "license": "MIT"
    },
    "web-design/marquee-loop": {
      "name": "@its-thepoe/marquee-loop",
      "version": "1.0.0",
      "license": "MIT"
    },
    "web-design/masked-reveal": {
      "name": "@its-thepoe/masked-reveal",
      "version": "1.0.0",
      "license": "MIT"
    },
    "web-design/matterjs": {
      "name": "@its-thepoe/matterjs",
      "version": "1.0.0",
      "license": "MIT"
    },
    "web-design/mesh-gradient-dark-blue-clean": {
      "name": "@its-thepoe/mesh-gradient-dark-blue-clean",
      "version": "1.0.0",
      "license": "MIT"
    },
    "web-design/nested-container-clean-agency": {
      "name": "@its-thepoe/nested-container-clean-agency",
      "version": "1.0.0",
      "license": "MIT"
    },
    "web-design/nested-container-frames": {
      "name": "@its-thepoe/nested-container-frames",
      "version": "1.0.0",
      "license": "MIT"
    },
    "web-design/number-details": {
      "name": "@its-thepoe/number-details",
      "version": "1.0.0",
      "license": "MIT"
    },
    "web-design/orange-clean-paper-saas": {
      "name": "@its-thepoe/orange-clean-paper-saas",
      "version": "1.0.0",
      "license": "MIT"
    },
    "web-design/pricing-page": {
      "name": "@its-thepoe/pricing-page",
      "version": "1.0.0",
      "license": "MIT"
    },
    "web-design/progressive-blur": {
      "name": "@its-thepoe/progressive-blur",
      "version": "1.0.0",
      "license": "MIT"
    },
    "web-design/skeuomorphic-ui": {
      "name": "@its-thepoe/skeuomorphic-ui",
      "version": "1.0.0",
      "license": "MIT"
    },
    "web-design/solar-duotone-bold": {
      "name": "@its-thepoe/solar-duotone-bold",
      "version": "1.0.0",
      "license": "MIT"
    },
    "web-design/split-layout-technical": {
      "name": "@its-thepoe/split-layout-technical",
      "version": "1.0.0",
      "license": "MIT"
    },
    "web-design/staggered-word-reveal": {
      "name": "@its-thepoe/staggered-word-reveal",
      "version": "1.0.0",
      "license": "MIT"
    },
    "web-design/tech-green-dark-mode-modern": {
      "name": "@its-thepoe/tech-green-dark-mode-modern",
      "version": "1.0.0",
      "license": "MIT"
    },
    "web-design/technical-wireframe-info-layout": {
      "name": "@its-thepoe/technical-wireframe-info-layout",
      "version": "1.0.0",
      "license": "MIT"
    },
    "web-design/threejs": {
      "name": "@its-thepoe/threejs",
      "version": "1.0.0",
      "license": "MIT"
    },
    "web-design/unicorn-studio": {
      "name": "@its-thepoe/unicorn-studio",
      "version": "1.0.0",
      "license": "MIT"
    },
    "web-design/vantajs": {
      "name": "@its-thepoe/vantajs",
      "version": "1.0.0",
      "license": "MIT"
    },
    "web-design/webgl-3d-object": {
      "name": "@its-thepoe/webgl-3d-object",
      "version": "1.0.0",
      "license": "MIT"
    },
    "web-design/webgl-landing-steering": {
      "name": "@its-thepoe/webgl-landing-steering",
      "version": "1.0.0",
      "license": "MIT"
    },
    "web-design/webgl-laser": {
      "name": "@its-thepoe/webgl-laser",
      "version": "1.0.0",
      "license": "MIT"
    },
    "write-a-skill": {
      "name": "@its-thepoe/write-a-skill",
      "version": "1.0.3",
      "extraneous": true,
      "license": "MIT"
    },
    "writing/codebase-content-ideas": {
      "name": "@its-thepoe/codebase-content-ideas",
      "version": "1.0.3",
      "license": "MIT"
    },
    "writing/copywriting": {
      "name": "@its-thepoe/copywriting",
      "version": "1.0.0",
      "license": "MIT"
    },
    "writing/customer-email-draft-threads": {
      "name": "@its-thepoe/customer-email-draft-threads",
      "version": "1.0.0",
      "license": "MIT"
    },
    "writing/pr-tldr": {
      "name": "@its-thepoe/pr-tldr",
      "version": "1.0.0",
      "license": "MIT"
    },
    "writing/x-bookmark-quote-posts": {
      "name": "@its-thepoe/x-bookmark-quote-posts",
      "version": "1.0.0",
      "license": "MIT"
    }
  }
}
